
Microsoft Visual Studio Solution File, Format Version 12.00
# Visual Studio 15
VisualStudioVersion = 15.0.27703.2035
MinimumVisualStudioVersion = 10.0.40219.1
Project("{FAE04EC0-301F-11D3-BF4B-00C04F79EFBC}") = "OSM", "OSM\OSM.csproj", "{E50A8F33-10E6-4633-85A6-A62372307533}"
EndProject
Global
	GlobalSection(SolutionConfigurationPlatforms) = preSolution
		Debug|Any CPU = Debug|Any CPU
		Debug|x86 = Debug|x86
		Release|Any CPU = Release|Any CPU
		Release|x86 = Release|x86
	EndGlobalSection
	GlobalSection(ProjectConfigurationPlatforms) = postSolution
		{E50A8F33-10E6-4633-85A6-A62372307533}.Debug|Any CPU.ActiveCfg = Debug|x86
		{E50A8F33-10E6-4633-85A6-A62372307533}.Debug|x86.ActiveCfg = Debug|x86
		{E50A8F33-10E6-4633-85A6-A62372307533}.Debug|x86.Build.0 = Debug|x86
		{E50A8F33-10E6-4633-85A6-A62372307533}.Release|Any CPU.ActiveCfg = Release|x86
		{E50A8F33-10E6-4633-85A6-A62372307533}.Release|x86.ActiveCfg = Release|x86
		{E50A8F33-10E6-4633-85A6-A62372307533}.Release|x86.Build.0 = Release|x86
	EndGlobalSection
	GlobalSection(SolutionProperties) = preSolution
		HideSolutionNode = FALSE
	EndGlobalSection
	GlobalSection(ExtensibilityGlobals) = postSolution
		SolutionGuid = {E1ED5692-A3CE-4C9D-8459-57AF20F4ED58}
	EndGlobalSection
EndGlobal
