
Microsoft Visual Studio Solution File, Format Version 12.00
# Visual Studio 15
VisualStudioVersion = 15.0.28010.2026
MinimumVisualStudioVersion = 10.0.40219.1
Project("{9A19103F-16F7-4668-BE54-9A1E7A4F7556}") = "OSMLS", "OSMLS\OSMLS.csproj", "{9DCC5075-B941-495C-B380-B56327BCC96E}"
EndProject
Project("{9A19103F-16F7-4668-BE54-9A1E7A4F7556}") = "OSMLSGlobalLibrary", "OSMLSGlobalLibrary\OSMLSGlobalLibrary.csproj", "{9BCA7096-3BA6-4211-9FBF-F8C45BA60171}"
EndProject
Global
	GlobalSection(SolutionConfigurationPlatforms) = preSolution
		Debug|Any CPU = Debug|Any CPU
		Release|Any CPU = Release|Any CPU
	EndGlobalSection
	GlobalSection(ProjectConfigurationPlatforms) = postSolution
		{9DCC5075-B941-495C-B380-B56327BCC96E}.Debug|Any CPU.ActiveCfg = Debug|Any CPU
		{9DCC5075-B941-495C-B380-B56327BCC96E}.Debug|Any CPU.Build.0 = Debug|Any CPU
		{9DCC5075-B941-495C-B380-B56327BCC96E}.Release|Any CPU.ActiveCfg = Release|Any CPU
		{9DCC5075-B941-495C-B380-B56327BCC96E}.Release|Any CPU.Build.0 = Release|Any CPU
		{9BCA7096-3BA6-4211-9FBF-F8C45BA60171}.Debug|Any CPU.ActiveCfg = Debug|Any CPU
		{9BCA7096-3BA6-4211-9FBF-F8C45BA60171}.Debug|Any CPU.Build.0 = Debug|Any CPU
		{9BCA7096-3BA6-4211-9FBF-F8C45BA60171}.Release|Any CPU.ActiveCfg = Release|Any CPU
		{9BCA7096-3BA6-4211-9FBF-F8C45BA60171}.Release|Any CPU.Build.0 = Release|Any CPU
	EndGlobalSection
	GlobalSection(SolutionProperties) = preSolution
		HideSolutionNode = FALSE
	EndGlobalSection
	GlobalSection(ExtensibilityGlobals) = postSolution
		SolutionGuid = {043DF2CF-D791-42D1-BB4D-EE60834499BE}
	EndGlobalSection
EndGlobal
